
Microsoft Visual Studio Solution File, Format Version 12.00
# Visual Studio 14
VisualStudioVersion = 14.0.25420.1
MinimumVisualStudioVersion = 10.0.40219.1
Project("{FAE04EC0-301F-11D3-BF4B-00C04F79EFBC}") = "Cut.Droid", "Cut\Cut.Droid\Cut.Droid.csproj", "{0A65CC62-EA53-4B38-A81B-78EAD79FEB93}"
EndProject
Project("{FAE04EC0-301F-11D3-BF4B-00C04F79EFBC}") = "Cut.iOS", "Cut\Cut.iOS\Cut.iOS.csproj", "{BF4BB12B-C6A3-4041-9B18-A5CF9D426039}"
EndProject
Project("{FAE04EC0-301F-11D3-BF4B-00C04F79EFBC}") = "Cut.UWP", "Cut\Cut.UWP\Cut.UWP.csproj", "{397FE5B4-91FA-4C96-BEDE-2C94D65E4D97}"
EndProject
Project("{FAE04EC0-301F-11D3-BF4B-00C04F79EFBC}") = "Cut", "Cut\Cut\Cut.csproj", "{B7F410A3-7D0F-46A1-B165-D4D3DD86B64A}"
EndProject
Global
	GlobalSection(SolutionConfigurationPlatforms) = preSolution
		Ad-Hoc|Any CPU = Ad-Hoc|Any CPU
		Ad-Hoc|ARM = Ad-Hoc|ARM
		Ad-Hoc|iPhone = Ad-Hoc|iPhone
		Ad-Hoc|iPhoneSimulator = Ad-Hoc|iPhoneSimulator
		Ad-Hoc|Mixed Platform = Ad-Hoc|Mixed Platform
		Ad-Hoc|x64 = Ad-Hoc|x64
		Ad-Hoc|x86 = Ad-Hoc|x86
		AppStore|Any CPU = AppStore|Any CPU
		AppStore|ARM = AppStore|ARM
		AppStore|iPhone = AppStore|iPhone
		AppStore|iPhoneSimulator = AppStore|iPhoneSimulator
		AppStore|Mixed Platform = AppStore|Mixed Platform
		AppStore|x64 = AppStore|x64
		AppStore|x86 = AppStore|x86
		Debug|Any CPU = Debug|Any CPU
		Debug|ARM = Debug|ARM
		Debug|iPhone = Debug|iPhone
		Debug|iPhoneSimulator = Debug|iPhoneSimulator
		Debug|Mixed Platform = Debug|Mixed Platform
		Debug|x64 = Debug|x64
		Debug|x86 = Debug|x86
		Release|Any CPU = Release|Any CPU
		Release|ARM = Release|ARM
		Release|iPhone = Release|iPhone
		Release|iPhoneSimulator = Release|iPhoneSimulator
		Release|Mixed Platform = Release|Mixed Platform
		Release|x64 = Release|x64
		Release|x86 = Release|x86
	EndGlobalSection
	GlobalSection(ProjectConfigurationPlatforms) = postSolution
		{0A65CC62-EA53-4B38-A81B-78EAD79FEB93}.Ad-Hoc|Any CPU.ActiveCfg = Release|Any CPU
		{0A65CC62-EA53-4B38-A81B-78EAD79FEB93}.Ad-Hoc|Any CPU.Build.0 = Release|Any CPU
		{0A65CC62-EA53-4B38-A81B-78EAD79FEB93}.Ad-Hoc|Any CPU.Deploy.0 = Release|Any CPU
		{0A65CC62-EA53-4B38-A81B-78EAD79FEB93}.Ad-Hoc|ARM.ActiveCfg = Release|Any CPU
		{0A65CC62-EA53-4B38-A81B-78EAD79FEB93}.Ad-Hoc|ARM.Build.0 = Release|Any CPU
		{0A65CC62-EA53-4B38-A81B-78EAD79FEB93}.Ad-Hoc|ARM.Deploy.0 = Release|Any CPU
		{0A65CC62-EA53-4B38-A81B-78EAD79FEB93}.Ad-Hoc|iPhone.ActiveCfg = Release|Any CPU
		{0A65CC62-EA53-4B38-A81B-78EAD79FEB93}.Ad-Hoc|iPhone.Build.0 = Release|Any CPU
		{0A65CC62-EA53-4B38-A81B-78EAD79FEB93}.Ad-Hoc|iPhone.Deploy.0 = Release|Any CPU
		{0A65CC62-EA53-4B38-A81B-78EAD79FEB93}.Ad-Hoc|iPhoneSimulator.ActiveCfg = Release|Any CPU
		{0A65CC62-EA53-4B38-A81B-78EAD79FEB93}.Ad-Hoc|iPhoneSimulator.Build.0 = Release|Any CPU
		{0A65CC62-EA53-4B38-A81B-78EAD79FEB93}.Ad-Hoc|iPhoneSimulator.Deploy.0 = Release|Any CPU
		{0A65CC62-EA53-4B38-A81B-78EAD79FEB93}.Ad-Hoc|Mixed Platform.ActiveCfg = Debug|Any CPU
		{0A65CC62-EA53-4B38-A81B-78EAD79FEB93}.Ad-Hoc|Mixed Platform.Build.0 = Debug|Any CPU
		{0A65CC62-EA53-4B38-A81B-78EAD79FEB93}.Ad-Hoc|Mixed Platform.Deploy.0 = Debug|Any CPU
		{0A65CC62-EA53-4B38-A81B-78EAD79FEB93}.Ad-Hoc|x64.ActiveCfg = Release|Any CPU
		{0A65CC62-EA53-4B38-A81B-78EAD79FEB93}.Ad-Hoc|x64.Build.0 = Release|Any CPU
		{0A65CC62-EA53-4B38-A81B-78EAD79FEB93}.Ad-Hoc|x64.Deploy.0 = Release|Any CPU
		{0A65CC62-EA53-4B38-A81B-78EAD79FEB93}.Ad-Hoc|x86.ActiveCfg = Release|Any CPU
		{0A65CC62-EA53-4B38-A81B-78EAD79FEB93}.Ad-Hoc|x86.Build.0 = Release|Any CPU
		{0A65CC62-EA53-4B38-A81B-78EAD79FEB93}.Ad-Hoc|x86.Deploy.0 = Release|Any CPU
		{0A65CC62-EA53-4B38-A81B-78EAD79FEB93}.AppStore|Any CPU.ActiveCfg = Release|Any CPU
		{0A65CC62-EA53-4B38-A81B-78EAD79FEB93}.AppStore|Any CPU.Build.0 = Release|Any CPU
		{0A65CC62-EA53-4B38-A81B-78EAD79FEB93}.AppStore|Any CPU.Deploy.0 = Release|Any CPU
		{0A65CC62-EA53-4B38-A81B-78EAD79FEB93}.AppStore|ARM.ActiveCfg = Release|Any CPU
		{0A65CC62-EA53-4B38-A81B-78EAD79FEB93}.AppStore|ARM.Build.0 = Release|Any CPU
		{0A65CC62-EA53-4B38-A81B-78EAD79FEB93}.AppStore|ARM.Deploy.0 = Release|Any CPU
		{0A65CC62-EA53-4B38-A81B-78EAD79FEB93}.AppStore|iPhone.ActiveCfg = Release|Any CPU
		{0A65CC62-EA53-4B38-A81B-78EAD79FEB93}.AppStore|iPhone.Build.0 = Release|Any CPU
		{0A65CC62-EA53-4B38-A81B-78EAD79FEB93}.AppStore|iPhone.Deploy.0 = Release|Any CPU
		{0A65CC62-EA53-4B38-A81B-78EAD79FEB93}.AppStore|iPhoneSimulator.ActiveCfg = Release|Any CPU
		{0A65CC62-EA53-4B38-A81B-78EAD79FEB93}.AppStore|iPhoneSimulator.Build.0 = Release|Any CPU
		{0A65CC62-EA53-4B38-A81B-78EAD79FEB93}.AppStore|iPhoneSimulator.Deploy.0 = Release|Any CPU
		{0A65CC62-EA53-4B38-A81B-78EAD79FEB93}.AppStore|Mixed Platform.ActiveCfg = Debug|Any CPU
		{0A65CC62-EA53-4B38-A81B-78EAD79FEB93}.AppStore|Mixed Platform.Build.0 = Debug|Any CPU
		{0A65CC62-EA53-4B38-A81B-78EAD79FEB93}.AppStore|Mixed Platform.Deploy.0 = Debug|Any CPU
		{0A65CC62-EA53-4B38-A81B-78EAD79FEB93}.AppStore|x64.ActiveCfg = Release|Any CPU
		{0A65CC62-EA53-4B38-A81B-78EAD79FEB93}.AppStore|x64.Build.0 = Release|Any CPU
		{0A65CC62-EA53-4B38-A81B-78EAD79FEB93}.AppStore|x64.Deploy.0 = Release|Any CPU
		{0A65CC62-EA53-4B38-A81B-78EAD79FEB93}.AppStore|x86.ActiveCfg = Release|Any CPU
		{0A65CC62-EA53-4B38-A81B-78EAD79FEB93}.AppStore|x86.Build.0 = Release|Any CPU
		{0A65CC62-EA53-4B38-A81B-78EAD79FEB93}.AppStore|x86.Deploy.0 = Release|Any CPU
		{0A65CC62-EA53-4B38-A81B-78EAD79FEB93}.Debug|Any CPU.ActiveCfg = Debug|Any CPU
		{0A65CC62-EA53-4B38-A81B-78EAD79FEB93}.Debug|Any CPU.Build.0 = Debug|Any CPU
		{0A65CC62-EA53-4B38-A81B-78EAD79FEB93}.Debug|Any CPU.Deploy.0 = Debug|Any CPU
		{0A65CC62-EA53-4B38-A81B-78EAD79FEB93}.Debug|ARM.ActiveCfg = Debug|Any CPU
		{0A65CC62-EA53-4B38-A81B-78EAD79FEB93}.Debug|ARM.Build.0 = Debug|Any CPU
		{0A65CC62-EA53-4B38-A81B-78EAD79FEB93}.Debug|ARM.Deploy.0 = Debug|Any CPU
		{0A65CC62-EA53-4B38-A81B-78EAD79FEB93}.Debug|iPhone.ActiveCfg = Debug|Any CPU
		{0A65CC62-EA53-4B38-A81B-78EAD79FEB93}.Debug|iPhone.Build.0 = Debug|Any CPU
		{0A65CC62-EA53-4B38-A81B-78EAD79FEB93}.Debug|iPhone.Deploy.0 = Debug|Any CPU
		{0A65CC62-EA53-4B38-A81B-78EAD79FEB93}.Debug|iPhoneSimulator.ActiveCfg = Debug|Any CPU
		{0A65CC62-EA53-4B38-A81B-78EAD79FEB93}.Debug|iPhoneSimulator.Build.0 = Debug|Any CPU
		{0A65CC62-EA53-4B38-A81B-78EAD79FEB93}.Debug|iPhoneSimulator.Deploy.0 = Debug|Any CPU
		{0A65CC62-EA53-4B38-A81B-78EAD79FEB93}.Debug|Mixed Platform.ActiveCfg = Debug|Any CPU
		{0A65CC62-EA53-4B38-A81B-78EAD79FEB93}.Debug|Mixed Platform.Build.0 = Debug|Any CPU
		{0A65CC62-EA53-4B38-A81B-78EAD79FEB93}.Debug|Mixed Platform.Deploy.0 = Debug|Any CPU
		{0A65CC62-EA53-4B38-A81B-78EAD79FEB93}.Debug|x64.ActiveCfg = Debug|Any CPU
		{0A65CC62-EA53-4B38-A81B-78EAD79FEB93}.Debug|x64.Build.0 = Debug|Any CPU
		{0A65CC62-EA53-4B38-A81B-78EAD79FEB93}.Debug|x64.Deploy.0 = Debug|Any CPU
		{0A65CC62-EA53-4B38-A81B-78EAD79FEB93}.Debug|x86.ActiveCfg = Debug|Any CPU
		{0A65CC62-EA53-4B38-A81B-78EAD79FEB93}.Debug|x86.Build.0 = Debug|Any CPU
		{0A65CC62-EA53-4B38-A81B-78EAD79FEB93}.Debug|x86.Deploy.0 = Debug|Any CPU
		{0A65CC62-EA53-4B38-A81B-78EAD79FEB93}.Release|Any CPU.ActiveCfg = Release|Any CPU
		{0A65CC62-EA53-4B38-A81B-78EAD79FEB93}.Release|Any CPU.Build.0 = Release|Any CPU
		{0A65CC62-EA53-4B38-A81B-78EAD79FEB93}.Release|Any CPU.Deploy.0 = Release|Any CPU
		{0A65CC62-EA53-4B38-A81B-78EAD79FEB93}.Release|ARM.ActiveCfg = Release|Any CPU
		{0A65CC62-EA53-4B38-A81B-78EAD79FEB93}.Release|ARM.Build.0 = Release|Any CPU
		{0A65CC62-EA53-4B38-A81B-78EAD79FEB93}.Release|ARM.Deploy.0 = Release|Any CPU
		{0A65CC62-EA53-4B38-A81B-78EAD79FEB93}.Release|iPhone.ActiveCfg = Release|Any CPU
		{0A65CC62-EA53-4B38-A81B-78EAD79FEB93}.Release|iPhone.Build.0 = Release|Any CPU
		{0A65CC62-EA53-4B38-A81B-78EAD79FEB93}.Release|iPhone.Deploy.0 = Release|Any CPU
		{0A65CC62-EA53-4B38-A81B-78EAD79FEB93}.Release|iPhoneSimulator.ActiveCfg = Release|Any CPU
		{0A65CC62-EA53-4B38-A81B-78EAD79FEB93}.Release|iPhoneSimulator.Build.0 = Release|Any CPU
		{0A65CC62-EA53-4B38-A81B-78EAD79FEB93}.Release|iPhoneSimulator.Deploy.0 = Release|Any CPU
		{0A65CC62-EA53-4B38-A81B-78EAD79FEB93}.Release|Mixed Platform.ActiveCfg = Release|Any CPU
		{0A65CC62-EA53-4B38-A81B-78EAD79FEB93}.Release|Mixed Platform.Build.0 = Release|Any CPU
		{0A65CC62-EA53-4B38-A81B-78EAD79FEB93}.Release|Mixed Platform.Deploy.0 = Release|Any CPU
		{0A65CC62-EA53-4B38-A81B-78EAD79FEB93}.Release|x64.ActiveCfg = Release|Any CPU
		{0A65CC62-EA53-4B38-A81B-78EAD79FEB93}.Release|x64.Build.0 = Release|Any CPU
		{0A65CC62-EA53-4B38-A81B-78EAD79FEB93}.Release|x64.Deploy.0 = Release|Any CPU
		{0A65CC62-EA53-4B38-A81B-78EAD79FEB93}.Release|x86.ActiveCfg = Release|Any CPU
		{0A65CC62-EA53-4B38-A81B-78EAD79FEB93}.Release|x86.Build.0 = Release|Any CPU
		{0A65CC62-EA53-4B38-A81B-78EAD79FEB93}.Release|x86.Deploy.0 = Release|Any CPU
		{BF4BB12B-C6A3-4041-9B18-A5CF9D426039}.Ad-Hoc|Any CPU.ActiveCfg = Ad-Hoc|iPhone
		{BF4BB12B-C6A3-4041-9B18-A5CF9D426039}.Ad-Hoc|ARM.ActiveCfg = Ad-Hoc|iPhone
		{BF4BB12B-C6A3-4041-9B18-A5CF9D426039}.Ad-Hoc|iPhone.ActiveCfg = Ad-Hoc|iPhone
		{BF4BB12B-C6A3-4041-9B18-A5CF9D426039}.Ad-Hoc|iPhone.Build.0 = Ad-Hoc|iPhone
		{BF4BB12B-C6A3-4041-9B18-A5CF9D426039}.Ad-Hoc|iPhoneSimulator.ActiveCfg = Ad-Hoc|iPhoneSimulator
		{BF4BB12B-C6A3-4041-9B18-A5CF9D426039}.Ad-Hoc|iPhoneSimulator.Build.0 = Ad-Hoc|iPhoneSimulator
		{BF4BB12B-C6A3-4041-9B18-A5CF9D426039}.Ad-Hoc|Mixed Platform.ActiveCfg = Ad-Hoc|iPhoneSimulator
		{BF4BB12B-C6A3-4041-9B18-A5CF9D426039}.Ad-Hoc|x64.ActiveCfg = Ad-Hoc|iPhone
		{BF4BB12B-C6A3-4041-9B18-A5CF9D426039}.Ad-Hoc|x86.ActiveCfg = Ad-Hoc|iPhone
		{BF4BB12B-C6A3-4041-9B18-A5CF9D426039}.AppStore|Any CPU.ActiveCfg = AppStore|iPhone
		{BF4BB12B-C6A3-4041-9B18-A5CF9D426039}.AppStore|ARM.ActiveCfg = AppStore|iPhone
		{BF4BB12B-C6A3-4041-9B18-A5CF9D426039}.AppStore|iPhone.ActiveCfg = AppStore|iPhone
		{BF4BB12B-C6A3-4041-9B18-A5CF9D426039}.AppStore|iPhone.Build.0 = AppStore|iPhone
		{BF4BB12B-C6A3-4041-9B18-A5CF9D426039}.AppStore|iPhoneSimulator.ActiveCfg = AppStore|iPhoneSimulator
		{BF4BB12B-C6A3-4041-9B18-A5CF9D426039}.AppStore|iPhoneSimulator.Build.0 = AppStore|iPhoneSimulator
		{BF4BB12B-C6A3-4041-9B18-A5CF9D426039}.AppStore|Mixed Platform.ActiveCfg = AppStore|iPhoneSimulator
		{BF4BB12B-C6A3-4041-9B18-A5CF9D426039}.AppStore|x64.ActiveCfg = AppStore|iPhone
		{BF4BB12B-C6A3-4041-9B18-A5CF9D426039}.AppStore|x86.ActiveCfg = AppStore|iPhone
		{BF4BB12B-C6A3-4041-9B18-A5CF9D426039}.Debug|Any CPU.ActiveCfg = Debug|iPhoneSimulator
		{BF4BB12B-C6A3-4041-9B18-A5CF9D426039}.Debug|Any CPU.Build.0 = Debug|iPhoneSimulator
		{BF4BB12B-C6A3-4041-9B18-A5CF9D426039}.Debug|ARM.ActiveCfg = Debug|iPhone
		{BF4BB12B-C6A3-4041-9B18-A5CF9D426039}.Debug|iPhone.ActiveCfg = Debug|iPhone
		{BF4BB12B-C6A3-4041-9B18-A5CF9D426039}.Debug|iPhone.Build.0 = Debug|iPhone
		{BF4BB12B-C6A3-4041-9B18-A5CF9D426039}.Debug|iPhoneSimulator.ActiveCfg = Debug|iPhoneSimulator
		{BF4BB12B-C6A3-4041-9B18-A5CF9D426039}.Debug|iPhoneSimulator.Build.0 = Debug|iPhoneSimulator
		{BF4BB12B-C6A3-4041-9B18-A5CF9D426039}.Debug|Mixed Platform.ActiveCfg = Debug|iPhoneSimulator
		{BF4BB12B-C6A3-4041-9B18-A5CF9D426039}.Debug|Mixed Platform.Build.0 = Debug|iPhoneSimulator
		{BF4BB12B-C6A3-4041-9B18-A5CF9D426039}.Debug|x64.ActiveCfg = Debug|iPhone
		{BF4BB12B-C6A3-4041-9B18-A5CF9D426039}.Debug|x86.ActiveCfg = Debug|iPhone
		{BF4BB12B-C6A3-4041-9B18-A5CF9D426039}.Release|Any CPU.ActiveCfg = Release|iPhoneSimulator
		{BF4BB12B-C6A3-4041-9B18-A5CF9D426039}.Release|Any CPU.Build.0 = Release|iPhoneSimulator
		{BF4BB12B-C6A3-4041-9B18-A5CF9D426039}.Release|ARM.ActiveCfg = Release|iPhone
		{BF4BB12B-C6A3-4041-9B18-A5CF9D426039}.Release|iPhone.ActiveCfg = Release|iPhone
		{BF4BB12B-C6A3-4041-9B18-A5CF9D426039}.Release|iPhone.Build.0 = Release|iPhone
		{BF4BB12B-C6A3-4041-9B18-A5CF9D426039}.Release|iPhoneSimulator.ActiveCfg = Release|iPhoneSimulator
		{BF4BB12B-C6A3-4041-9B18-A5CF9D426039}.Release|iPhoneSimulator.Build.0 = Release|iPhoneSimulator
		{BF4BB12B-C6A3-4041-9B18-A5CF9D426039}.Release|Mixed Platform.ActiveCfg = Release|iPhoneSimulator
		{BF4BB12B-C6A3-4041-9B18-A5CF9D426039}.Release|x64.ActiveCfg = Release|iPhone
		{BF4BB12B-C6A3-4041-9B18-A5CF9D426039}.Release|x86.ActiveCfg = Release|iPhone
		{397FE5B4-91FA-4C96-BEDE-2C94D65E4D97}.Ad-Hoc|Any CPU.ActiveCfg = Release|x86
		{397FE5B4-91FA-4C96-BEDE-2C94D65E4D97}.Ad-Hoc|Any CPU.Build.0 = Release|x86
		{397FE5B4-91FA-4C96-BEDE-2C94D65E4D97}.Ad-Hoc|Any CPU.Deploy.0 = Release|x86
		{397FE5B4-91FA-4C96-BEDE-2C94D65E4D97}.Ad-Hoc|ARM.ActiveCfg = Release|ARM
		{397FE5B4-91FA-4C96-BEDE-2C94D65E4D97}.Ad-Hoc|ARM.Build.0 = Release|ARM
		{397FE5B4-91FA-4C96-BEDE-2C94D65E4D97}.Ad-Hoc|ARM.Deploy.0 = Release|ARM
		{397FE5B4-91FA-4C96-BEDE-2C94D65E4D97}.Ad-Hoc|iPhone.ActiveCfg = Release|x86
		{397FE5B4-91FA-4C96-BEDE-2C94D65E4D97}.Ad-Hoc|iPhone.Build.0 = Release|x86
		{397FE5B4-91FA-4C96-BEDE-2C94D65E4D97}.Ad-Hoc|iPhone.Deploy.0 = Release|x86
		{397FE5B4-91FA-4C96-BEDE-2C94D65E4D97}.Ad-Hoc|iPhoneSimulator.ActiveCfg = Release|x86
		{397FE5B4-91FA-4C96-BEDE-2C94D65E4D97}.Ad-Hoc|iPhoneSimulator.Build.0 = Release|x86
		{397FE5B4-91FA-4C96-BEDE-2C94D65E4D97}.Ad-Hoc|iPhoneSimulator.Deploy.0 = Release|x86
		{397FE5B4-91FA-4C96-BEDE-2C94D65E4D97}.Ad-Hoc|Mixed Platform.ActiveCfg = Debug|x64
		{397FE5B4-91FA-4C96-BEDE-2C94D65E4D97}.Ad-Hoc|Mixed Platform.Build.0 = Debug|x64
		{397FE5B4-91FA-4C96-BEDE-2C94D65E4D97}.Ad-Hoc|Mixed Platform.Deploy.0 = Debug|x64
		{397FE5B4-91FA-4C96-BEDE-2C94D65E4D97}.Ad-Hoc|x64.ActiveCfg = Release|x64
		{397FE5B4-91FA-4C96-BEDE-2C94D65E4D97}.Ad-Hoc|x64.Build.0 = Release|x64
		{397FE5B4-91FA-4C96-BEDE-2C94D65E4D97}.Ad-Hoc|x64.Deploy.0 = Release|x64
		{397FE5B4-91FA-4C96-BEDE-2C94D65E4D97}.Ad-Hoc|x86.ActiveCfg = Release|x86
		{397FE5B4-91FA-4C96-BEDE-2C94D65E4D97}.Ad-Hoc|x86.Build.0 = Release|x86
		{397FE5B4-91FA-4C96-BEDE-2C94D65E4D97}.Ad-Hoc|x86.Deploy.0 = Release|x86
		{397FE5B4-91FA-4C96-BEDE-2C94D65E4D97}.AppStore|Any CPU.ActiveCfg = Release|x86
		{397FE5B4-91FA-4C96-BEDE-2C94D65E4D97}.AppStore|Any CPU.Build.0 = Release|x86
		{397FE5B4-91FA-4C96-BEDE-2C94D65E4D97}.AppStore|Any CPU.Deploy.0 = Release|x86
		{397FE5B4-91FA-4C96-BEDE-2C94D65E4D97}.AppStore|ARM.ActiveCfg = Release|ARM
		{397FE5B4-91FA-4C96-BEDE-2C94D65E4D97}.AppStore|ARM.Build.0 = Release|ARM
		{397FE5B4-91FA-4C96-BEDE-2C94D65E4D97}.AppStore|ARM.Deploy.0 = Release|ARM
		{397FE5B4-91FA-4C96-BEDE-2C94D65E4D97}.AppStore|iPhone.ActiveCfg = Release|x86
		{397FE5B4-91FA-4C96-BEDE-2C94D65E4D97}.AppStore|iPhone.Build.0 = Release|x86
		{397FE5B4-91FA-4C96-BEDE-2C94D65E4D97}.AppStore|iPhone.Deploy.0 = Release|x86
		{397FE5B4-91FA-4C96-BEDE-2C94D65E4D97}.AppStore|iPhoneSimulator.ActiveCfg = Release|x86
		{397FE5B4-91FA-4C96-BEDE-2C94D65E4D97}.AppStore|iPhoneSimulator.Build.0 = Release|x86
		{397FE5B4-91FA-4C96-BEDE-2C94D65E4D97}.AppStore|iPhoneSimulator.Deploy.0 = Release|x86
		{397FE5B4-91FA-4C96-BEDE-2C94D65E4D97}.AppStore|Mixed Platform.ActiveCfg = Debug|x64
		{397FE5B4-91FA-4C96-BEDE-2C94D65E4D97}.AppStore|Mixed Platform.Build.0 = Debug|x64
		{397FE5B4-91FA-4C96-BEDE-2C94D65E4D97}.AppStore|Mixed Platform.Deploy.0 = Debug|x64
		{397FE5B4-91FA-4C96-BEDE-2C94D65E4D97}.AppStore|x64.ActiveCfg = Release|x64
		{397FE5B4-91FA-4C96-BEDE-2C94D65E4D97}.AppStore|x64.Build.0 = Release|x64
		{397FE5B4-91FA-4C96-BEDE-2C94D65E4D97}.AppStore|x64.Deploy.0 = Release|x64
		{397FE5B4-91FA-4C96-BEDE-2C94D65E4D97}.AppStore|x86.ActiveCfg = Release|x86
		{397FE5B4-91FA-4C96-BEDE-2C94D65E4D97}.AppStore|x86.Build.0 = Release|x86
		{397FE5B4-91FA-4C96-BEDE-2C94D65E4D97}.AppStore|x86.Deploy.0 = Release|x86
		{397FE5B4-91FA-4C96-BEDE-2C94D65E4D97}.Debug|Any CPU.ActiveCfg = Debug|x64
		{397FE5B4-91FA-4C96-BEDE-2C94D65E4D97}.Debug|Any CPU.Build.0 = Debug|x64
		{397FE5B4-91FA-4C96-BEDE-2C94D65E4D97}.Debug|Any CPU.Deploy.0 = Debug|x64
		{397FE5B4-91FA-4C96-BEDE-2C94D65E4D97}.Debug|ARM.ActiveCfg = Debug|ARM
		{397FE5B4-91FA-4C96-BEDE-2C94D65E4D97}.Debug|ARM.Build.0 = Debug|ARM
		{397FE5B4-91FA-4C96-BEDE-2C94D65E4D97}.Debug|ARM.Deploy.0 = Debug|ARM
		{397FE5B4-91FA-4C96-BEDE-2C94D65E4D97}.Debug|iPhone.ActiveCfg = Debug|x86
		{397FE5B4-91FA-4C96-BEDE-2C94D65E4D97}.Debug|iPhoneSimulator.ActiveCfg = Debug|x86
		{397FE5B4-91FA-4C96-BEDE-2C94D65E4D97}.Debug|Mixed Platform.ActiveCfg = Debug|x64
		{397FE5B4-91FA-4C96-BEDE-2C94D65E4D97}.Debug|Mixed Platform.Build.0 = Debug|x64
		{397FE5B4-91FA-4C96-BEDE-2C94D65E4D97}.Debug|Mixed Platform.Deploy.0 = Debug|x64
		{397FE5B4-91FA-4C96-BEDE-2C94D65E4D97}.Debug|x64.ActiveCfg = Debug|x64
		{397FE5B4-91FA-4C96-BEDE-2C94D65E4D97}.Debug|x64.Build.0 = Debug|x64
		{397FE5B4-91FA-4C96-BEDE-2C94D65E4D97}.Debug|x64.Deploy.0 = Debug|x64
		{397FE5B4-91FA-4C96-BEDE-2C94D65E4D97}.Debug|x86.ActiveCfg = Debug|x86
		{397FE5B4-91FA-4C96-BEDE-2C94D65E4D97}.Debug|x86.Build.0 = Debug|x86
		{397FE5B4-91FA-4C96-BEDE-2C94D65E4D97}.Debug|x86.Deploy.0 = Debug|x86
		{397FE5B4-91FA-4C96-BEDE-2C94D65E4D97}.Release|Any CPU.ActiveCfg = Release|x64
		{397FE5B4-91FA-4C96-BEDE-2C94D65E4D97}.Release|Any CPU.Build.0 = Release|x64
		{397FE5B4-91FA-4C96-BEDE-2C94D65E4D97}.Release|Any CPU.Deploy.0 = Release|x64
		{397FE5B4-91FA-4C96-BEDE-2C94D65E4D97}.Release|ARM.ActiveCfg = Release|ARM
		{397FE5B4-91FA-4C96-BEDE-2C94D65E4D97}.Release|ARM.Build.0 = Release|ARM
		{397FE5B4-91FA-4C96-BEDE-2C94D65E4D97}.Release|ARM.Deploy.0 = Release|ARM
		{397FE5B4-91FA-4C96-BEDE-2C94D65E4D97}.Release|iPhone.ActiveCfg = Release|x86
		{397FE5B4-91FA-4C96-BEDE-2C94D65E4D97}.Release|iPhoneSimulator.ActiveCfg = Release|x86
		{397FE5B4-91FA-4C96-BEDE-2C94D65E4D97}.Release|Mixed Platform.ActiveCfg = Release|x64
		{397FE5B4-91FA-4C96-BEDE-2C94D65E4D97}.Release|Mixed Platform.Build.0 = Release|x64
		{397FE5B4-91FA-4C96-BEDE-2C94D65E4D97}.Release|Mixed Platform.Deploy.0 = Release|x64
		{397FE5B4-91FA-4C96-BEDE-2C94D65E4D97}.Release|x64.ActiveCfg = Release|x64
		{397FE5B4-91FA-4C96-BEDE-2C94D65E4D97}.Release|x64.Build.0 = Release|x64
		{397FE5B4-91FA-4C96-BEDE-2C94D65E4D97}.Release|x64.Deploy.0 = Release|x64
		{397FE5B4-91FA-4C96-BEDE-2C94D65E4D97}.Release|x86.ActiveCfg = Release|x86
		{397FE5B4-91FA-4C96-BEDE-2C94D65E4D97}.Release|x86.Build.0 = Release|x86
		{397FE5B4-91FA-4C96-BEDE-2C94D65E4D97}.Release|x86.Deploy.0 = Release|x86
		{B7F410A3-7D0F-46A1-B165-D4D3DD86B64A}.Ad-Hoc|Any CPU.ActiveCfg = Release|Any CPU
		{B7F410A3-7D0F-46A1-B165-D4D3DD86B64A}.Ad-Hoc|Any CPU.Build.0 = Release|Any CPU
		{B7F410A3-7D0F-46A1-B165-D4D3DD86B64A}.Ad-Hoc|ARM.ActiveCfg = Release|Any CPU
		{B7F410A3-7D0F-46A1-B165-D4D3DD86B64A}.Ad-Hoc|ARM.Build.0 = Release|Any CPU
		{B7F410A3-7D0F-46A1-B165-D4D3DD86B64A}.Ad-Hoc|iPhone.ActiveCfg = Release|Any CPU
		{B7F410A3-7D0F-46A1-B165-D4D3DD86B64A}.Ad-Hoc|iPhone.Build.0 = Release|Any CPU
		{B7F410A3-7D0F-46A1-B165-D4D3DD86B64A}.Ad-Hoc|iPhoneSimulator.ActiveCfg = Release|Any CPU
		{B7F410A3-7D0F-46A1-B165-D4D3DD86B64A}.Ad-Hoc|iPhoneSimulator.Build.0 = Release|Any CPU
		{B7F410A3-7D0F-46A1-B165-D4D3DD86B64A}.Ad-Hoc|Mixed Platform.ActiveCfg = Debug|Any CPU
		{B7F410A3-7D0F-46A1-B165-D4D3DD86B64A}.Ad-Hoc|Mixed Platform.Build.0 = Debug|Any CPU
		{B7F410A3-7D0F-46A1-B165-D4D3DD86B64A}.Ad-Hoc|x64.ActiveCfg = Release|Any CPU
		{B7F410A3-7D0F-46A1-B165-D4D3DD86B64A}.Ad-Hoc|x64.Build.0 = Release|Any CPU
		{B7F410A3-7D0F-46A1-B165-D4D3DD86B64A}.Ad-Hoc|x86.ActiveCfg = Release|Any CPU
		{B7F410A3-7D0F-46A1-B165-D4D3DD86B64A}.Ad-Hoc|x86.Build.0 = Release|Any CPU
		{B7F410A3-7D0F-46A1-B165-D4D3DD86B64A}.AppStore|Any CPU.ActiveCfg = Release|Any CPU
		{B7F410A3-7D0F-46A1-B165-D4D3DD86B64A}.AppStore|Any CPU.Build.0 = Release|Any CPU
		{B7F410A3-7D0F-46A1-B165-D4D3DD86B64A}.AppStore|ARM.ActiveCfg = Release|Any CPU
		{B7F410A3-7D0F-46A1-B165-D4D3DD86B64A}.AppStore|ARM.Build.0 = Release|Any CPU
		{B7F410A3-7D0F-46A1-B165-D4D3DD86B64A}.AppStore|iPhone.ActiveCfg = Release|Any CPU
		{B7F410A3-7D0F-46A1-B165-D4D3DD86B64A}.AppStore|iPhone.Build.0 = Release|Any CPU
		{B7F410A3-7D0F-46A1-B165-D4D3DD86B64A}.AppStore|iPhoneSimulator.ActiveCfg = Release|Any CPU
		{B7F410A3-7D0F-46A1-B165-D4D3DD86B64A}.AppStore|iPhoneSimulator.Build.0 = Release|Any CPU
		{B7F410A3-7D0F-46A1-B165-D4D3DD86B64A}.AppStore|Mixed Platform.ActiveCfg = Debug|Any CPU
		{B7F410A3-7D0F-46A1-B165-D4D3DD86B64A}.AppStore|Mixed Platform.Build.0 = Debug|Any CPU
		{B7F410A3-7D0F-46A1-B165-D4D3DD86B64A}.AppStore|x64.ActiveCfg = Release|Any CPU
		{B7F410A3-7D0F-46A1-B165-D4D3DD86B64A}.AppStore|x64.Build.0 = Release|Any CPU
		{B7F410A3-7D0F-46A1-B165-D4D3DD86B64A}.AppStore|x86.ActiveCfg = Release|Any CPU
		{B7F410A3-7D0F-46A1-B165-D4D3DD86B64A}.AppStore|x86.Build.0 = Release|Any CPU
		{B7F410A3-7D0F-46A1-B165-D4D3DD86B64A}.Debug|Any CPU.ActiveCfg = Debug|Any CPU
		{B7F410A3-7D0F-46A1-B165-D4D3DD86B64A}.Debug|Any CPU.Build.0 = Debug|Any CPU
		{B7F410A3-7D0F-46A1-B165-D4D3DD86B64A}.Debug|ARM.ActiveCfg = Debug|Any CPU
		{B7F410A3-7D0F-46A1-B165-D4D3DD86B64A}.Debug|ARM.Build.0 = Debug|Any CPU
		{B7F410A3-7D0F-46A1-B165-D4D3DD86B64A}.Debug|iPhone.ActiveCfg = Debug|Any CPU
		{B7F410A3-7D0F-46A1-B165-D4D3DD86B64A}.Debug|iPhone.Build.0 = Debug|Any CPU
		{B7F410A3-7D0F-46A1-B165-D4D3DD86B64A}.Debug|iPhoneSimulator.ActiveCfg = Debug|Any CPU
		{B7F410A3-7D0F-46A1-B165-D4D3DD86B64A}.Debug|iPhoneSimulator.Build.0 = Debug|Any CPU
		{B7F410A3-7D0F-46A1-B165-D4D3DD86B64A}.Debug|Mixed Platform.ActiveCfg = Debug|Any CPU
		{B7F410A3-7D0F-46A1-B165-D4D3DD86B64A}.Debug|Mixed Platform.Build.0 = Debug|Any CPU
		{B7F410A3-7D0F-46A1-B165-D4D3DD86B64A}.Debug|x64.ActiveCfg = Debug|Any CPU
		{B7F410A3-7D0F-46A1-B165-D4D3DD86B64A}.Debug|x64.Build.0 = Debug|Any CPU
		{B7F410A3-7D0F-46A1-B165-D4D3DD86B64A}.Debug|x86.ActiveCfg = Debug|Any CPU
		{B7F410A3-7D0F-46A1-B165-D4D3DD86B64A}.Debug|x86.Build.0 = Debug|Any CPU
		{B7F410A3-7D0F-46A1-B165-D4D3DD86B64A}.Release|Any CPU.ActiveCfg = Release|Any CPU
		{B7F410A3-7D0F-46A1-B165-D4D3DD86B64A}.Release|Any CPU.Build.0 = Release|Any CPU
		{B7F410A3-7D0F-46A1-B165-D4D3DD86B64A}.Release|ARM.ActiveCfg = Release|Any CPU
		{B7F410A3-7D0F-46A1-B165-D4D3DD86B64A}.Release|ARM.Build.0 = Release|Any CPU
		{B7F410A3-7D0F-46A1-B165-D4D3DD86B64A}.Release|iPhone.ActiveCfg = Release|Any CPU
		{B7F410A3-7D0F-46A1-B165-D4D3DD86B64A}.Release|iPhone.Build.0 = Release|Any CPU
		{B7F410A3-7D0F-46A1-B165-D4D3DD86B64A}.Release|iPhoneSimulator.ActiveCfg = Release|Any CPU
		{B7F410A3-7D0F-46A1-B165-D4D3DD86B64A}.Release|iPhoneSimulator.Build.0 = Release|Any CPU
		{B7F410A3-7D0F-46A1-B165-D4D3DD86B64A}.Release|Mixed Platform.ActiveCfg = Release|Any CPU
		{B7F410A3-7D0F-46A1-B165-D4D3DD86B64A}.Release|Mixed Platform.Build.0 = Release|Any CPU
		{B7F410A3-7D0F-46A1-B165-D4D3DD86B64A}.Release|x64.ActiveCfg = Release|Any CPU
		{B7F410A3-7D0F-46A1-B165-D4D3DD86B64A}.Release|x64.Build.0 = Release|Any CPU
		{B7F410A3-7D0F-46A1-B165-D4D3DD86B64A}.Release|x86.ActiveCfg = Release|Any CPU
		{B7F410A3-7D0F-46A1-B165-D4D3DD86B64A}.Release|x86.Build.0 = Release|Any CPU
	EndGlobalSection
	GlobalSection(SolutionProperties) = preSolution
		HideSolutionNode = FALSE
	EndGlobalSection
EndGlobal
